
Microsoft Visual Studio Solution File, Format Version 12.00
# Visual Studio Version 17
VisualStudioVersion = 17.2.32519.379
MinimumVisualStudioVersion = 10.0.40219.1
Project("{FAE04EC0-301F-11D3-BF4B-00C04F79EFBC}") = "Final", "Final.csproj", "{4ED85399-162F-4431-8EB3-526CC34021D2}"
EndProject
Global
	GlobalSection(SolutionConfigurationPlatforms) = preSolution
		Debug|Any CPU = Debug|Any CPU
		Release|Any CPU = Release|Any CPU
	EndGlobalSection
	GlobalSection(ProjectConfigurationPlatforms) = postSolution
		{4ED85399-162F-4431-8EB3-526CC34021D2}.Debug|Any CPU.ActiveCfg = Debug|Any CPU
		{4ED85399-162F-4431-8EB3-526CC34021D2}.Debug|Any CPU.Build.0 = Debug|Any CPU
		{4ED85399-162F-4431-8EB3-526CC34021D2}.Release|Any CPU.ActiveCfg = Release|Any CPU
		{4ED85399-162F-4431-8EB3-526CC34021D2}.Release|Any CPU.Build.0 = Release|Any CPU
	EndGlobalSection
	GlobalSection(SolutionProperties) = preSolution
		HideSolutionNode = FALSE
	EndGlobalSection
	GlobalSection(ExtensibilityGlobals) = postSolution
		SolutionGuid = {D21F0253-E708-4B7C-8FD9-217D64D3FFC8}
	EndGlobalSection
EndGlobal
